{
    "version": 3,
    "terraform_version": "0.9.8",
    "serial": 16,
    "lineage": "4beeb294-89f7-4995-bcdb-de67eda2174a",
    "modules": [
        {
            "path": [
                "root"
            ],
            "outputs": {},
            "resources": {
                "aws_default_vpc.default": {
                    "type": "aws_default_vpc",
                    "depends_on": [],
                    "primary": {
                        "id": "vpc-e5f4639c",
                        "attributes": {
                            "cidr_block": "172.31.0.0/16",
                            "default_network_acl_id": "acl-afc0ffd6",
                            "default_route_table_id": "rtb-95db83ed",
                            "default_security_group_id": "sg-8687e9f7",
                            "dhcp_options_id": "dopt-71b4dd17",
                            "enable_classiclink": "false",
                            "enable_dns_hostnames": "true",
                            "enable_dns_support": "true",
                            "id": "vpc-e5f4639c",
                            "instance_tenancy": "default",
                            "main_route_table_id": "rtb-95db83ed",
                            "tags.%": "1",
                            "tags.Name": "DefaultVPC"
                        },
                        "meta": {
                            "schema_version": "1"
                        },
                        "tainted": false
                    },
                    "deposed": [],
                    "provider": ""
                },
                "aws_iam_instance_profile.instance_profile": {
                    "type": "aws_iam_instance_profile",
                    "depends_on": [
                        "aws_iam_role.instance_role"
                    ],
                    "primary": {
                        "id": "puppetmaster_profile",
                        "attributes": {
                            "arn": "arn:aws:iam::418205177196:instance-profile/puppetmaster_profile",
                            "id": "puppetmaster_profile",
                            "name": "puppetmaster_profile",
                            "path": "/",
                            "role": "puppetmaster_role",
                            "roles.#": "0",
                            "unique_id": "AIPAJC47MKHOPU5HO37BI"
                        },
                        "meta": {},
                        "tainted": false
                    },
                    "deposed": [],
                    "provider": ""
                },
                "aws_iam_role.instance_role": {
                    "type": "aws_iam_role",
                    "depends_on": [],
                    "primary": {
                        "id": "puppetmaster_role",
                        "attributes": {
                            "arn": "arn:aws:iam::418205177196:role/puppetmaster_role",
                            "assume_role_policy": "{\"Version\":\"2012-10-17\",\"Statement\":[{\"Sid\":\"AllowEC2AccessToS3\",\"Effect\":\"Allow\",\"Principal\":{\"Service\":\"ec2.amazonaws.com\"},\"Action\":\"sts:AssumeRole\"}]}",
                            "create_date": "2017-08-23T08:55:01Z",
                            "id": "puppetmaster_role",
                            "name": "puppetmaster_role",
                            "path": "/",
                            "unique_id": "AROAJO7OEEK2ZCSI37JXI"
                        },
                        "meta": {},
                        "tainted": false
                    },
                    "deposed": [],
                    "provider": ""
                },
                "aws_iam_role_policy.s3_policy": {
                    "type": "aws_iam_role_policy",
                    "depends_on": [
                        "aws_iam_role.instance_role"
                    ],
                    "primary": {
                        "id": "puppetmaster_role:puppetmaster_s3_access",
                        "attributes": {
                            "id": "puppetmaster_role:puppetmaster_s3_access",
                            "name": "puppetmaster_s3_access",
                            "policy": "{\n  \"Version\" : \"2012-10-17\",\n  \"Statement\" : [\n    {\n      \"Effect\" : \"Allow\",\n      \"Action\" : [\n        \"s3:*\"\n      ],\n      \"Resource\" : [\"arn:aws:s3:::cloudform-files\", \"arn:aws:s3:::cloudform-files/*\"]\n    }\n  ]\n}\n",
                            "role": "puppetmaster_role"
                        },
                        "meta": {},
                        "tainted": false
                    },
                    "deposed": [],
                    "provider": ""
                },
                "aws_instance.puppetserver": {
                    "type": "aws_instance",
                    "depends_on": [
                        "aws_iam_instance_profile.instance_profile",
                        "aws_security_group.puppetserver",
                        "data.aws_ami.centos7",
                        "data.template_file.puppetserver_config"
                    ],
                    "primary": {
                        "id": "i-0a11c163cd48ea2a0",
                        "attributes": {
                            "ami": "ami-9e2f0988",
                            "associate_public_ip_address": "true",
                            "availability_zone": "us-east-1a",
                            "disable_api_termination": "false",
                            "ebs_block_device.#": "0",
                            "ebs_optimized": "false",
                            "ephemeral_block_device.#": "0",
                            "iam_instance_profile": "puppetmaster_profile",
                            "id": "i-0a11c163cd48ea2a0",
                            "instance_state": "running",
                            "instance_type": "t2.micro",
                            "ipv6_addresses.#": "0",
                            "key_name": "work_key",
                            "monitoring": "false",
                            "network_interface.#": "0",
                            "network_interface_id": "eni-2b38c7ff",
                            "primary_network_interface_id": "eni-2b38c7ff",
                            "private_dns": "ip-172-31-25-232.ec2.internal",
                            "private_ip": "172.31.25.232",
                            "public_dns": "ec2-54-89-37-56.compute-1.amazonaws.com",
                            "public_ip": "54.89.37.56",
                            "root_block_device.#": "1",
                            "root_block_device.0.delete_on_termination": "true",
                            "root_block_device.0.iops": "100",
                            "root_block_device.0.volume_size": "10",
                            "root_block_device.0.volume_type": "gp2",
                            "security_groups.#": "1",
                            "security_groups.1519002420": "PuppetSG",
                            "source_dest_check": "true",
                            "subnet_id": "subnet-b0bffef8",
                            "tags.%": "1",
                            "tags.Name": "puppet",
                            "tenancy": "default",
                            "user_data": "ea3028fd1df984586409b73b523636e8c396ef26",
                            "volume_tags.%": "0",
                            "vpc_security_group_ids.#": "0"
                        },
                        "meta": {
                            "e2bfb730-ecaa-11e6-8f88-34363bc7c4c0": {
                                "create": 600000000000,
                                "delete": 600000000000,
                                "update": 600000000000
                            },
                            "schema_version": "1"
                        },
                        "tainted": false
                    },
                    "deposed": [],
                    "provider": ""
                },
                "aws_security_group.puppetserver": {
                    "type": "aws_security_group",
                    "depends_on": [
                        "aws_default_vpc.default"
                    ],
                    "primary": {
                        "id": "sg-9f0a83ef",
                        "attributes": {
                            "description": "Allow egress and ssh/puppet traffic",
                            "egress.#": "1",
                            "egress.482069346.cidr_blocks.#": "1",
                            "egress.482069346.cidr_blocks.0": "0.0.0.0/0",
                            "egress.482069346.from_port": "0",
                            "egress.482069346.ipv6_cidr_blocks.#": "0",
                            "egress.482069346.prefix_list_ids.#": "0",
                            "egress.482069346.protocol": "-1",
                            "egress.482069346.security_groups.#": "0",
                            "egress.482069346.self": "false",
                            "egress.482069346.to_port": "0",
                            "id": "sg-9f0a83ef",
                            "ingress.#": "5",
                            "ingress.2516974951.cidr_blocks.#": "1",
                            "ingress.2516974951.cidr_blocks.0": "172.31.0.0/16",
                            "ingress.2516974951.from_port": "80",
                            "ingress.2516974951.ipv6_cidr_blocks.#": "0",
                            "ingress.2516974951.protocol": "tcp",
                            "ingress.2516974951.security_groups.#": "0",
                            "ingress.2516974951.self": "false",
                            "ingress.2516974951.to_port": "80",
                            "ingress.2893632856.cidr_blocks.#": "1",
                            "ingress.2893632856.cidr_blocks.0": "172.31.0.0/16",
                            "ingress.2893632856.from_port": "0",
                            "ingress.2893632856.ipv6_cidr_blocks.#": "0",
                            "ingress.2893632856.protocol": "-1",
                            "ingress.2893632856.security_groups.#": "0",
                            "ingress.2893632856.self": "false",
                            "ingress.2893632856.to_port": "0",
                            "ingress.3158939577.cidr_blocks.#": "1",
                            "ingress.3158939577.cidr_blocks.0": "89.162.139.0/24",
                            "ingress.3158939577.from_port": "22",
                            "ingress.3158939577.ipv6_cidr_blocks.#": "0",
                            "ingress.3158939577.protocol": "tcp",
                            "ingress.3158939577.security_groups.#": "0",
                            "ingress.3158939577.self": "false",
                            "ingress.3158939577.to_port": "22",
                            "ingress.3736291043.cidr_blocks.#": "1",
                            "ingress.3736291043.cidr_blocks.0": "172.31.0.0/16",
                            "ingress.3736291043.from_port": "8140",
                            "ingress.3736291043.ipv6_cidr_blocks.#": "0",
                            "ingress.3736291043.protocol": "tcp",
                            "ingress.3736291043.security_groups.#": "0",
                            "ingress.3736291043.self": "false",
                            "ingress.3736291043.to_port": "8140",
                            "ingress.763121922.cidr_blocks.#": "1",
                            "ingress.763121922.cidr_blocks.0": "172.31.0.0/16",
                            "ingress.763121922.from_port": "443",
                            "ingress.763121922.ipv6_cidr_blocks.#": "0",
                            "ingress.763121922.protocol": "tcp",
                            "ingress.763121922.security_groups.#": "0",
                            "ingress.763121922.self": "false",
                            "ingress.763121922.to_port": "443",
                            "name": "PuppetSG",
                            "owner_id": "418205177196",
                            "tags.%": "0",
                            "vpc_id": "vpc-e5f4639c"
                        },
                        "meta": {},
                        "tainted": false
                    },
                    "deposed": [],
                    "provider": ""
                },
                "data.aws_ami.centos7": {
                    "type": "aws_ami",
                    "depends_on": [],
                    "primary": {
                        "id": "ami-9e2f0988",
                        "attributes": {
                            "architecture": "x86_64",
                            "block_device_mappings.#": "1",
                            "block_device_mappings.309099847.device_name": "/dev/sda1",
                            "block_device_mappings.309099847.ebs.%": "6",
                            "block_device_mappings.309099847.ebs.delete_on_termination": "true",
                            "block_device_mappings.309099847.ebs.encrypted": "false",
                            "block_device_mappings.309099847.ebs.iops": "0",
                            "block_device_mappings.309099847.ebs.snapshot_id": "snap-0ee220de9f1633620",
                            "block_device_mappings.309099847.ebs.volume_size": "10",
                            "block_device_mappings.309099847.ebs.volume_type": "gp2",
                            "block_device_mappings.309099847.no_device": "",
                            "block_device_mappings.309099847.virtual_name": "",
                            "creation_date": "2017-06-14T21:15:26.000Z",
                            "description": "Provided by Red Hat, Inc.",
                            "filter.#": "2",
                            "filter.2265817448.name": "name",
                            "filter.2265817448.values.#": "1",
                            "filter.2265817448.values.0": "RHEL-7.3_HVM-20170613-x86_64*",
                            "filter.490168357.name": "virtualization-type",
                            "filter.490168357.values.#": "1",
                            "filter.490168357.values.0": "hvm",
                            "hypervisor": "xen",
                            "id": "ami-9e2f0988",
                            "image_id": "ami-9e2f0988",
                            "image_location": "309956199498/RHEL-7.3_HVM-20170613-x86_64-4-Hourly2-GP2",
                            "image_type": "machine",
                            "most_recent": "true",
                            "name": "RHEL-7.3_HVM-20170613-x86_64-4-Hourly2-GP2",
                            "owner_id": "309956199498",
                            "product_codes.#": "0",
                            "public": "true",
                            "root_device_name": "/dev/sda1",
                            "root_device_type": "ebs",
                            "sriov_net_support": "simple",
                            "state": "available",
                            "state_reason.%": "2",
                            "state_reason.code": "UNSET",
                            "state_reason.message": "UNSET",
                            "tags.#": "0",
                            "virtualization_type": "hvm"
                        },
                        "meta": {},
                        "tainted": false
                    },
                    "deposed": [],
                    "provider": ""
                },
                "data.template_file.puppetserver_config": {
                    "type": "template_file",
                    "depends_on": [],
                    "primary": {
                        "id": "ac4f04da33b24fda9563171772507fdad0c4accccbad90ecca2b1cbf9ee5da19",
                        "attributes": {
                            "id": "ac4f04da33b24fda9563171772507fdad0c4accccbad90ecca2b1cbf9ee5da19",
                            "rendered": "#cloud-config\r\n\r\npackage_upgrade: true\r\nruncmd:\r\n  - \"yum-config-manager --enable rhui-REGION-rhel-server-optional\"\r\n  - \"rpm -Uvh http://dl.fedoraproject.org/pub/epel/7/x86_64/e/epel-release-7-10.noarch.rpm\"\r\n  - \"yum install awscli -y\"\r\n  - \"touch /tmp/reserve.conf\"\r\n  - \"dd if=/dev/xvda2 of=/var/myswap bs=1M count=1024\"\r\n  - \"mkswap /var/myswap\"\r\n  - \"chmod 0600 /var/myswap\"\r\n  - \"swapon /var/myswap\"\r\n  - \"rpm -ivh https://yum.puppetlabs.com/puppetlabs-release-pc1-el-7.noarch.rpm\"\r\n  - \"yum -y install puppetserver\"\r\n  - \"yum -y install rubygems\"\r\n  - \"yum -y install git\"\r\n  - \"sed '/JAVA_ARGS/s/-Xms2g -Xmx2g/-Xms512m -Xmx512m/' /etc/sysconfig/puppetserver \u003e /tmp/reserve.conf\"\r\n  - \"echo 'y' | cp /tmp/reserve.conf /etc/sysconfig/puppetserver\"\r\n  - \"systemctl restart puppetserver\"\r\n  - \"systemctl enable puppetserver\"\r\n  - \"mkdir /etc/puppetlabs/puppetserver/ssh/\"\r\n  - \"ssh-keygen -t rsa -f /etc/puppetlabs/puppetserver/ssh/id-control_repo.rsa -N ''\"\r\n  - \"gem install puppet_forge:2.2.6 r10k \u003e /tmp/r10k-install\"\r\n  - \"gem install r10k \u003e\u003e /tmp/r10k-install\"\r\n  - \"mkdir -p /etc/puppetlabs/r10k/\"\r\n  - \"aws s3 cp s3://cloudform-files/tf_configs/r10k.yaml /etc/puppetlabs/r10k/r10k.yaml\"\r\n  - \"gem install hiera-eyaml\"\r\n  - \"/opt/puppetlabs/server/bin/puppetserver gem install hiera-eyaml\"\r\n  - \"ln -s /opt/puppetlabs/server/data/puppetserver/jruby-gems/gems/hiera-eyaml-2.1.0/lib/hiera/backend/eyaml_backend.rb /opt/puppetlabs/puppet/lib/ruby/vendor_ruby/hiera/backend/eyaml_backend.rb\"\r\n  - \"ln -s /opt/puppetlabs/server/data/puppetserver/jruby-gems/gems/hiera-eyaml-2.1.0/lib/hiera/backend/eyaml /opt/puppetlabs/puppet/lib/ruby/vendor_ruby/hiera/backend/eyaml\"\r\n  - \"ln -s /opt/puppetlabs/server/data/puppetserver/jruby-gems/gems/hiera-eyaml-2.1.0/lib/hiera/backend/eyaml.rb /opt/puppetlabs/puppet/lib/ruby/vendor_ruby/hiera/backend/eyaml.rb\"\r\n  - \"ln -s /opt/puppetlabs/server/data/puppetserver/jruby-gems/gems/highline-1.6.21/lib/highline.rb /opt/puppetlabs/puppet/lib/ruby/vendor_ruby/highline.rb\"\r\n  - \"ln -s /opt/puppetlabs/server/data/puppetserver/jruby-gems/gems/highline-1.6.21/lib/highline /opt/puppetlabs/puppet/lib/ruby/vendor_ruby/highline\"\r\n  - \"mkdir /etc/puppetlabs/keys\"\r\n  - \"aws s3 cp s3://cloudform-files/tf_configs/hiera.yaml /etc/puppetlabs/puppet/hiera.yaml\"\r\n  - \"aws s3 cp s3://cloudform-files/keys/dev_private_key.pkcs7.pem /etc/puppetlabs/keys/dev_private_key.pkcs7.pem \"\r\n  - \"aws s3 cp s3://cloudform-files/keys/dev_public_key.pkcs7.pem /etc/puppetlabs/keys/dev_public_key.pkcs7.pem\"\r\n  - \"aws s3 cp s3://cloudform-files/keys/production_private_key.pkcs7.pem /etc/puppetlabs/keys/production_private_key.pkcs7.pem\"\r\n  - \"aws s3 cp s3://cloudform-files/keys/production_public_key.pkcs7.pem /etc/puppetlabs/keys/production_public_key.pkcs7.pem\"\r\n  - \"chown puppet:puppet /etc/puppetlabs/keys/\"\r\nwrite_files:\r\n  -\r\n    content: |\r\n        Host *\r\n          StrictHostKeyChecking no\r\n        Host git.epam.com\r\n          IdentityFile /etc/puppetlabs/puppetserver/ssh/id-control_repo.rsa\r\n          User Oleksandr_Nekrasov\r\n    path: /root/.ssh/config\r\n    permissions: \"0644\"\r\n  -\r\n    content: |\r\n        [main]\r\n        environmentpath = $codedir/environments\r\n        [master]\r\n        vardir = /opt/puppetlabs/server/data/puppetserver\r\n        logdir = /var/log/puppetlabs/puppetserver\r\n        rundir = /var/run/puppetlabs/puppetserver\r\n        pidfile = /var/run/puppetlabs/puppetserver/puppetserver.pid\r\n        codedir = /etc/puppetlabs/code\r\n        dns_alt_names = puppet-master.example.com,puppet,puppet-master\r\n    path: /etc/puppetlabs/puppet/puppet.conf\r\n\r\noutput:\r\n  all: \"| tee -a /var/log/cloud-init-output.log\"\r\n",
                            "template": "#cloud-config\r\n\r\npackage_upgrade: true\r\nruncmd:\r\n  - \"yum-config-manager --enable rhui-REGION-rhel-server-optional\"\r\n  - \"rpm -Uvh http://dl.fedoraproject.org/pub/epel/7/x86_64/e/epel-release-7-10.noarch.rpm\"\r\n  - \"yum install awscli -y\"\r\n  - \"touch /tmp/reserve.conf\"\r\n  - \"dd if=/dev/xvda2 of=/var/myswap bs=1M count=1024\"\r\n  - \"mkswap /var/myswap\"\r\n  - \"chmod 0600 /var/myswap\"\r\n  - \"swapon /var/myswap\"\r\n  - \"rpm -ivh https://yum.puppetlabs.com/puppetlabs-release-pc1-el-7.noarch.rpm\"\r\n  - \"yum -y install puppetserver\"\r\n  - \"yum -y install rubygems\"\r\n  - \"yum -y install git\"\r\n  - \"sed '/JAVA_ARGS/s/-Xms2g -Xmx2g/-Xms512m -Xmx512m/' /etc/sysconfig/puppetserver \u003e /tmp/reserve.conf\"\r\n  - \"echo 'y' | cp /tmp/reserve.conf /etc/sysconfig/puppetserver\"\r\n  - \"systemctl restart puppetserver\"\r\n  - \"systemctl enable puppetserver\"\r\n  - \"mkdir /etc/puppetlabs/puppetserver/ssh/\"\r\n  - \"ssh-keygen -t rsa -f /etc/puppetlabs/puppetserver/ssh/id-control_repo.rsa -N ''\"\r\n  - \"gem install puppet_forge:2.2.6 r10k \u003e /tmp/r10k-install\"\r\n  - \"gem install r10k \u003e\u003e /tmp/r10k-install\"\r\n  - \"mkdir -p /etc/puppetlabs/r10k/\"\r\n  - \"aws s3 cp s3://${bucket_name}/tf_configs/r10k.yaml /etc/puppetlabs/r10k/r10k.yaml\"\r\n  - \"gem install hiera-eyaml\"\r\n  - \"/opt/puppetlabs/server/bin/puppetserver gem install hiera-eyaml\"\r\n  - \"ln -s /opt/puppetlabs/server/data/puppetserver/jruby-gems/gems/hiera-eyaml-2.1.0/lib/hiera/backend/eyaml_backend.rb /opt/puppetlabs/puppet/lib/ruby/vendor_ruby/hiera/backend/eyaml_backend.rb\"\r\n  - \"ln -s /opt/puppetlabs/server/data/puppetserver/jruby-gems/gems/hiera-eyaml-2.1.0/lib/hiera/backend/eyaml /opt/puppetlabs/puppet/lib/ruby/vendor_ruby/hiera/backend/eyaml\"\r\n  - \"ln -s /opt/puppetlabs/server/data/puppetserver/jruby-gems/gems/hiera-eyaml-2.1.0/lib/hiera/backend/eyaml.rb /opt/puppetlabs/puppet/lib/ruby/vendor_ruby/hiera/backend/eyaml.rb\"\r\n  - \"ln -s /opt/puppetlabs/server/data/puppetserver/jruby-gems/gems/highline-1.6.21/lib/highline.rb /opt/puppetlabs/puppet/lib/ruby/vendor_ruby/highline.rb\"\r\n  - \"ln -s /opt/puppetlabs/server/data/puppetserver/jruby-gems/gems/highline-1.6.21/lib/highline /opt/puppetlabs/puppet/lib/ruby/vendor_ruby/highline\"\r\n  - \"mkdir /etc/puppetlabs/keys\"\r\n  - \"aws s3 cp s3://${bucket_name}/tf_configs/hiera.yaml /etc/puppetlabs/puppet/hiera.yaml\"\r\n  - \"aws s3 cp s3://${bucket_name}/keys/dev_private_key.pkcs7.pem /etc/puppetlabs/keys/dev_private_key.pkcs7.pem \"\r\n  - \"aws s3 cp s3://${bucket_name}/keys/dev_public_key.pkcs7.pem /etc/puppetlabs/keys/dev_public_key.pkcs7.pem\"\r\n  - \"aws s3 cp s3://${bucket_name}/keys/production_private_key.pkcs7.pem /etc/puppetlabs/keys/production_private_key.pkcs7.pem\"\r\n  - \"aws s3 cp s3://${bucket_name}/keys/production_public_key.pkcs7.pem /etc/puppetlabs/keys/production_public_key.pkcs7.pem\"\r\n  - \"chown puppet:puppet /etc/puppetlabs/keys/\"\r\nwrite_files:\r\n  -\r\n    content: |\r\n        Host *\r\n          StrictHostKeyChecking no\r\n        Host git.epam.com\r\n          IdentityFile /etc/puppetlabs/puppetserver/ssh/id-control_repo.rsa\r\n          User ${git_username}\r\n    path: /root/.ssh/config\r\n    permissions: \"0644\"\r\n  -\r\n    content: |\r\n        [main]\r\n        environmentpath = $codedir/environments\r\n        [master]\r\n        vardir = /opt/puppetlabs/server/data/puppetserver\r\n        logdir = /var/log/puppetlabs/puppetserver\r\n        rundir = /var/run/puppetlabs/puppetserver\r\n        pidfile = /var/run/puppetlabs/puppetserver/puppetserver.pid\r\n        codedir = /etc/puppetlabs/code\r\n        dns_alt_names = puppet-master.example.com,puppet,puppet-master\r\n    path: /etc/puppetlabs/puppet/puppet.conf\r\n\r\noutput:\r\n  all: \"| tee -a /var/log/cloud-init-output.log\"\r\n",
                            "vars.%": "2",
                            "vars.bucket_name": "cloudform-files",
                            "vars.git_username": "Oleksandr_Nekrasov"
                        },
                        "meta": {},
                        "tainted": false
                    },
                    "deposed": [],
                    "provider": ""
                }
            },
            "depends_on": []
        }
    ]
}
